<?xml version="1.0" encoding="utf-8"?>
<Project ToolsVersion="4.0" xmlns="http://schemas.microsoft.com/developer/msbuild/2003">
  <ItemGroup>
    <Filter Include="Source Files">
      <UniqueIdentifier>{4FC737F1-C7A5-4376-A066-2A32D752A2FF}</UniqueIdentifier>
      <Extensions>cpp;c;cc;cxx;c++;cppm;ixx;def;odl;idl;hpj;bat;asm;asmx</Extensions>
    </Filter>
    <Filter Include="Header Files">
      <UniqueIdentifier>{93995380-89BD-4b04-88EB-625FBE52EBFB}</UniqueIdentifier>
      <Extensions>h;hh;hpp;hxx;h++;hm;inl;inc;ipp;xsd</Extensions>
    </Filter>
    <Filter Include="Resource Files">
      <UniqueIdentifier>{67DA6AB6-F800-4c08-8B7A-83BB121AAD01}</UniqueIdentifier>
      <Extensions>rc;ico;cur;bmp;dlg;rc2;rct;bin;rgs;gif;jpg;jpeg;jpe;resx;tiff;tif;png;wav;mfcribbon-ms</Extensions>
    </Filter>
    <Filter Include="Shaders">
      <UniqueIdentifier>{59926a56-d989-460f-8604-41194714ca6d}</UniqueIdentifier>
    </Filter>
  </ItemGroup>
  <ItemGroup>
    <ClCompile Include="GfxCullingMethods.cpp">
      <Filter>Source Files</Filter>
    </ClCompile>
    <ClCompile Include="GraphicsDevice.cpp">
      <Filter>Source Files</Filter>
    </ClCompile>
    <ClCompile Include="dxerrorcodesinterpreteutil.cpp">
      <Filter>Source Files</Filter>
    </ClCompile>
    <ClCompile Include="winerrorcodesinterpreteutil.cpp">
      <Filter>Source Files</Filter>
    </ClCompile>
    <ClCompile Include="Log.cpp">
      <Filter>Source Files</Filter>
    </ClCompile>
    <ClCompile Include="strutils.cpp">
      <Filter>Source Files</Filter>
    </ClCompile>
    <ClCompile Include="timeutils.cpp">
      <Filter>Source Files</Filter>
    </ClCompile>
    <ClCompile Include="GraphicsSwapChain.cpp">
      <Filter>Source Files</Filter>
    </ClCompile>
    <ClCompile Include="Window.cpp">
      <Filter>Source Files</Filter>
    </ClCompile>
    <ClCompile Include="GraphicsSurface.cpp">
      <Filter>Source Files</Filter>
    </ClCompile>
    <ClCompile Include="multisampleutils.cpp">
      <Filter>Source Files</Filter>
    </ClCompile>
    <ClCompile Include="Texture2D.cpp">
      <Filter>Source Files</Filter>
    </ClCompile>
    <ClCompile Include="GraphicsShader.cpp">
      <Filter>Source Files</Filter>
    </ClCompile>
    <ClCompile Include="GraphicsInputLayout.cpp">
      <Filter>Source Files</Filter>
    </ClCompile>
    <ClCompile Include="VertexData.cpp">
      <Filter>Source Files</Filter>
    </ClCompile>
    <ClCompile Include="GraphicsConstantsBuffer.cpp">
      <Filter>Source Files</Filter>
    </ClCompile>
    <ClCompile Include="GraphicsBuffer.cpp">
      <Filter>Source Files</Filter>
    </ClCompile>
    <ClCompile Include="GraphicsViewport.cpp">
      <Filter>Source Files</Filter>
    </ClCompile>
    <ClCompile Include="helperutil.cpp">
      <Filter>Source Files</Filter>
    </ClCompile>
    <ClCompile Include="MouseKeyboardCameraController.cpp">
      <Filter>Source Files</Filter>
    </ClCompile>
    <ClCompile Include="Camera.cpp">
      <Filter>Source Files</Filter>
    </ClCompile>
    <ClCompile Include="Mesh.cpp">
      <Filter>Source Files</Filter>
    </ClCompile>
    <ClCompile Include="pathutils.cpp">
      <Filter>Source Files</Filter>
    </ClCompile>
    <ClCompile Include="tiny_obj_loader.cc">
      <Filter>Source Files</Filter>
    </ClCompile>
    <ClCompile Include="GraphicsTextureCollection.cpp">
      <Filter>Source Files</Filter>
    </ClCompile>
    <ClCompile Include="gfxutils.cpp">
      <Filter>Source Files</Filter>
    </ClCompile>
    <ClCompile Include="DisplayAdaptersList.cpp">
      <Filter>Source Files</Filter>
    </ClCompile>
    <ClCompile Include="ImmediateRenderer.cpp">
      <Filter>Source Files</Filter>
    </ClCompile>
    <ClCompile Include="mathutils.cpp">
      <Filter>Source Files</Filter>
    </ClCompile>
    <ClCompile Include="Portal.cpp">
      <Filter>Source Files</Filter>
    </ClCompile>
    <ClCompile Include="randomutils.cpp">
      <Filter>Source Files</Filter>
    </ClCompile>
    <ClCompile Include="DemoScene1Generate.cpp">
      <Filter>Source Files</Filter>
    </ClCompile>
    <ClCompile Include="BasicVertexShaderStorage.cpp">
      <Filter>Source Files</Filter>
    </ClCompile>
    <ClCompile Include="BasicPixelShaderStorage.cpp">
      <Filter>Source Files</Filter>
    </ClCompile>
    <ClCompile Include="DepthResolveCopyShaderStorage.cpp">
      <Filter>Source Files</Filter>
    </ClCompile>
    <ClCompile Include="ResolveCopyDepth.cpp">
      <Filter>Source Files</Filter>
    </ClCompile>
    <ClCompile Include="GPUDrivenRendering.cpp">
      <Filter>Source Files</Filter>
    </ClCompile>
    <ClCompile Include="AABB.cpp">
      <Filter>Source Files</Filter>
    </ClCompile>
    <ClCompile Include="BVHFrustumVisibility.cpp">
      <Filter>Source Files</Filter>
    </ClCompile>
    <ClCompile Include="LoPoApproxGeom.cpp">
      <Filter>Source Files</Filter>
    </ClCompile>
    <ClCompile Include="SuperMesh.cpp">
      <Filter>Source Files</Filter>
    </ClCompile>
    <ClCompile Include="SuperMeshInstance.cpp">
      <Filter>Source Files</Filter>
    </ClCompile>
    <ClCompile Include="Scene.cpp">
      <Filter>Source Files</Filter>
    </ClCompile>
    <ClCompile Include="SuperViewport.cpp">
      <Filter>Source Files</Filter>
    </ClCompile>
  </ItemGroup>
  <ItemGroup>
    <ClInclude Include="GraphicsDevice.h">
      <Filter>Header Files</Filter>
    </ClInclude>
    <ClInclude Include="dxlogicsafety.h">
      <Filter>Header Files</Filter>
    </ClInclude>
    <ClInclude Include="dxerrorcodesinterpreteutil.h">
      <Filter>Header Files</Filter>
    </ClInclude>
    <ClInclude Include="logicsafety.h">
      <Filter>Header Files</Filter>
    </ClInclude>
    <ClInclude Include="Log.h">
      <Filter>Header Files</Filter>
    </ClInclude>
    <ClInclude Include="strutils.h">
      <Filter>Header Files</Filter>
    </ClInclude>
    <ClInclude Include="timeutils.h">
      <Filter>Header Files</Filter>
    </ClInclude>
    <ClInclude Include="GraphicsSwapchain.h">
      <Filter>Header Files</Filter>
    </ClInclude>
    <ClInclude Include="MultisampleType.h">
      <Filter>Header Files</Filter>
    </ClInclude>
    <ClInclude Include="Window.h">
      <Filter>Header Files</Filter>
    </ClInclude>
    <ClInclude Include="multisampleutils.h">
      <Filter>Header Files</Filter>
    </ClInclude>
    <ClInclude Include="GraphicsSurface.h">
      <Filter>Header Files</Filter>
    </ClInclude>
    <ClInclude Include="Texture2D.h">
      <Filter>Header Files</Filter>
    </ClInclude>
    <ClInclude Include="areahelper.h">
      <Filter>Header Files</Filter>
    </ClInclude>
    <ClInclude Include="GraphicsShader.h">
      <Filter>Header Files</Filter>
    </ClInclude>
    <ClInclude Include="arrayutil.h">
      <Filter>Header Files</Filter>
    </ClInclude>
    <ClInclude Include="typesalias.h">
      <Filter>Header Files</Filter>
    </ClInclude>
    <ClInclude Include="GraphicsInputLayout.h">
      <Filter>Header Files</Filter>
    </ClInclude>
    <ClInclude Include="VertexData.h">
      <Filter>Header Files</Filter>
    </ClInclude>
    <ClInclude Include="GraphicsBuffer.h">
      <Filter>Header Files</Filter>
    </ClInclude>
    <ClInclude Include="GraphicsConstantsBuffer.h">
      <Filter>Header Files</Filter>
    </ClInclude>
    <ClInclude Include="GraphicsViewport.h">
      <Filter>Header Files</Filter>
    </ClInclude>
    <ClInclude Include="helperutil.h">
      <Filter>Header Files</Filter>
    </ClInclude>
    <ClInclude Include="ConstantsPreprocessing.h">
      <Filter>Header Files</Filter>
    </ClInclude>
    <ClInclude Include="MouseKeyboardCameraController.h">
      <Filter>Header Files</Filter>
    </ClInclude>
    <ClInclude Include="Camera.h">
      <Filter>Header Files</Filter>
    </ClInclude>
    <ClInclude Include="AABB.h">
      <Filter>Header Files</Filter>
    </ClInclude>
    <ClInclude Include="Mesh.h">
      <Filter>Header Files</Filter>
    </ClInclude>
    <ClInclude Include="pathutils.h">
      <Filter>Header Files</Filter>
    </ClInclude>
    <ClInclude Include="VertexFormatHelper.h">
      <Filter>Header Files</Filter>
    </ClInclude>
    <ClInclude Include="MeshShader.h">
      <Filter>Header Files</Filter>
    </ClInclude>
    <ClInclude Include="GraphicsTextureCollection.h">
      <Filter>Header Files</Filter>
    </ClInclude>
    <ClInclude Include="gfxutils.h">
      <Filter>Header Files</Filter>
    </ClInclude>
    <ClInclude Include="SuperMesh.h">
      <Filter>Header Files</Filter>
    </ClInclude>
    <ClInclude Include="SuperMeshInstance.h">
      <Filter>Header Files</Filter>
    </ClInclude>
    <ClInclude Include="SuperViewport.h">
      <Filter>Header Files</Filter>
    </ClInclude>
    <ClInclude Include="mathutils.h">
      <Filter>Header Files</Filter>
    </ClInclude>
    <ClInclude Include="Visibility.h">
      <Filter>Header Files</Filter>
    </ClInclude>
    <ClInclude Include="LinearFrustumVisibility.h">
      <Filter>Header Files</Filter>
    </ClInclude>
    <ClInclude Include="BVHFrustumVisibility.h">
      <Filter>Header Files</Filter>
    </ClInclude>
    <ClInclude Include="BVH.h">
      <Filter>Header Files</Filter>
    </ClInclude>
    <ClInclude Include="ObjPool.h">
      <Filter>Header Files</Filter>
    </ClInclude>
    <ClInclude Include="memutils.h">
      <Filter>Header Files</Filter>
    </ClInclude>
    <ClInclude Include="LinearStack.h">
      <Filter>Header Files</Filter>
    </ClInclude>
    <ClInclude Include="DisplayAdaptersList.h">
      <Filter>Header Files</Filter>
    </ClInclude>
    <ClInclude Include="RenderStatistics.h">
      <Filter>Header Files</Filter>
    </ClInclude>
    <ClInclude Include="MicrosecondsTimer.h">
      <Filter>Header Files</Filter>
    </ClInclude>
    <ClInclude Include="ImmediateRenderer.h">
      <Filter>Header Files</Filter>
    </ClInclude>
    <ClInclude Include="Octree.h">
      <Filter>Header Files</Filter>
    </ClInclude>
    <ClInclude Include="PagedObjPool.h">
      <Filter>Header Files</Filter>
    </ClInclude>
    <ClInclude Include="OctreeFrustumVisibility.h">
      <Filter>Header Files</Filter>
    </ClInclude>
    <ClInclude Include="SharedAllocList.h">
      <Filter>Header Files</Filter>
    </ClInclude>
    <ClInclude Include="PagedPoolSTDAllocator.h">
      <Filter>Header Files</Filter>
    </ClInclude>
    <ClInclude Include="Portal.h">
      <Filter>Header Files</Filter>
    </ClInclude>
    <ClInclude Include="LoPoApproxGeom.h">
      <Filter>Header Files</Filter>
    </ClInclude>
    <ClInclude Include="Scene.h">
      <Filter>Header Files</Filter>
    </ClInclude>
    <ClInclude Include="serializeutils.h">
      <Filter>Header Files</Filter>
    </ClInclude>
    <ClInclude Include="DemoScene1Generate.h">
      <Filter>Header Files</Filter>
    </ClInclude>
    <ClInclude Include="randomutils.h">
      <Filter>Header Files</Filter>
    </ClInclude>
    <ClInclude Include="DrawInstancedIndirectArgs.h">
      <Filter>Header Files</Filter>
    </ClInclude>
    <ClInclude Include="BasicVertexShaderStorage.h">
      <Filter>Header Files</Filter>
    </ClInclude>
    <ClInclude Include="ShaderStorage.h">
      <Filter>Header Files</Filter>
    </ClInclude>
    <ClInclude Include="BasicPixelShaderStorage.h">
      <Filter>Header Files</Filter>
    </ClInclude>
    <ClInclude Include="GPUDrivenRenderer.h">
      <Filter>Header Files</Filter>
    </ClInclude>
    <ClInclude Include="SBB.h">
      <Filter>Header Files</Filter>
    </ClInclude>
    <ClInclude Include="CullConsts.h">
      <Filter>Header Files</Filter>
    </ClInclude>
    <ClInclude Include="GenHiZConsts.h">
      <Filter>Header Files</Filter>
    </ClInclude>
    <ClInclude Include="DepthResolveCopyShaderStorage.h">
      <Filter>Header Files</Filter>
    </ClInclude>
    <ClInclude Include="ResolveCopyDepth.h">
      <Filter>Header Files</Filter>
    </ClInclude>
    <ClInclude Include="GraphicsMarker.h">
      <Filter>Header Files</Filter>
    </ClInclude>
  </ItemGroup>
</Project>